
Microsoft Visual Studio Solution File, Format Version 12.00
# Visual Studio 15
VisualStudioVersion = 15.0.26228.9
MinimumVisualStudioVersion = 10.0.40219.1
Project("{FAE04EC0-301F-11D3-BF4B-00C04F79EFBC}") = "PKLib.VendingSystem", "PKLib.VendingSystem\PKLib.VendingSystem.csproj", "{921A1B80-3AC5-4BF9-B6EC-73522F95CCBA}"
EndProject
Project("{FAE04EC0-301F-11D3-BF4B-00C04F79EFBC}") = "PKLib.VendingSystem.Tests", "PKLib.VendinSystem.Tests\PKLib.VendingSystem.Tests.csproj", "{7D2067E4-1D49-4332-A236-1529B64F515D}"
EndProject
Global
	GlobalSection(SolutionConfigurationPlatforms) = preSolution
		Debug|Any CPU = Debug|Any CPU
		Release|Any CPU = Release|Any CPU
	EndGlobalSection
	GlobalSection(ProjectConfigurationPlatforms) = postSolution
		{921A1B80-3AC5-4BF9-B6EC-73522F95CCBA}.Debug|Any CPU.ActiveCfg = Debug|Any CPU
		{921A1B80-3AC5-4BF9-B6EC-73522F95CCBA}.Debug|Any CPU.Build.0 = Debug|Any CPU
		{921A1B80-3AC5-4BF9-B6EC-73522F95CCBA}.Release|Any CPU.ActiveCfg = Release|Any CPU
		{921A1B80-3AC5-4BF9-B6EC-73522F95CCBA}.Release|Any CPU.Build.0 = Release|Any CPU
		{7D2067E4-1D49-4332-A236-1529B64F515D}.Debug|Any CPU.ActiveCfg = Debug|Any CPU
		{7D2067E4-1D49-4332-A236-1529B64F515D}.Debug|Any CPU.Build.0 = Debug|Any CPU
		{7D2067E4-1D49-4332-A236-1529B64F515D}.Release|Any CPU.ActiveCfg = Release|Any CPU
		{7D2067E4-1D49-4332-A236-1529B64F515D}.Release|Any CPU.Build.0 = Release|Any CPU
	EndGlobalSection
	GlobalSection(SolutionProperties) = preSolution
		HideSolutionNode = FALSE
	EndGlobalSection
EndGlobal
